// !$*UTF8*$!
{
	archiveVersion = 1;
	classes = {
	};
	objectVersion = 46;
	objects = {

/* Begin PBXBuildFile section */
		A4A564E415F6F84800C04746 /* UIKit.framework in Frameworks */ = {isa = PBXBuildFile; fileRef = A4A564E315F6F84800C04746 /* UIKit.framework */; };
		A4A564E615F6F84800C04746 /* Foundation.framework in Frameworks */ = {isa = PBXBuildFile; fileRef = A4A564E515F6F84800C04746 /* Foundation.framework */; };
		A4A564E815F6F84800C04746 /* CoreGraphics.framework in Frameworks */ = {isa = PBXBuildFile; fileRef = A4A564E715F6F84800C04746 /* CoreGraphics.framework */; };
		A4A564EE15F6F84800C04746 /* InfoPlist.strings in Resources */ = {isa = PBXBuildFile; fileRef = A4A564EC15F6F84800C04746 /* InfoPlist.strings */; };
		A4A564F015F6F84800C04746 /* main.m in Sources */ = {isa = PBXBuildFile; fileRef = A4A564EF15F6F84800C04746 /* main.m */; };
		A4A564F415F6F84800C04746 /* AppDelegate.m in Sources */ = {isa = PBXBuildFile; fileRef = A4A564F315F6F84800C04746 /* AppDelegate.m */; };
		A4A564F715F6F84800C04746 /* FirstViewController.m in Sources */ = {isa = PBXBuildFile; fileRef = A4A564F615F6F84800C04746 /* FirstViewController.m */; };
		A4A564F915F6F84800C04746 /* first.png in Resources */ = {isa = PBXBuildFile; fileRef = A4A564F815F6F84800C04746 /* first.png */; };
		A4A564FB15F6F84800C04746 /* first@2x.png in Resources */ = {isa = PBXBuildFile; fileRef = A4A564FA15F6F84800C04746 /* first@2x.png */; };
		A4A564FE15F6F84800C04746 /* SecondViewController.m in Sources */ = {isa = PBXBuildFile; fileRef = A4A564FD15F6F84800C04746 /* SecondViewController.m */; };
		A4A5650015F6F84800C04746 /* second.png in Resources */ = {isa = PBXBuildFile; fileRef = A4A564FF15F6F84800C04746 /* second.png */; };
		A4A5650215F6F84800C04746 /* second@2x.png in Resources */ = {isa = PBXBuildFile; fileRef = A4A5650115F6F84800C04746 /* second@2x.png */; };
		A4A5650515F6F84800C04746 /* FirstViewController.xib in Resources */ = {isa = PBXBuildFile; fileRef = A4A5650315F6F84800C04746 /* FirstViewController.xib */; };
		A4A5650815F6F84800C04746 /* SecondViewController.xib in Resources */ = {isa = PBXBuildFile; fileRef = A4A5650615F6F84800C04746 /* SecondViewController.xib */; };
/* End PBXBuildFile section */

/* Begin PBXFileReference section */
		A4A564DF15F6F84800C04746 /* Week 2.app */ = {isa = PBXFileReference; explicitFileType = wrapper.application; includeInIndex = 0; path = "Week 2.app"; sourceTree = BUILT_PRODUCTS_DIR; };
		A4A564E315F6F84800C04746 /* UIKit.framework */ = {isa = PBXFileReference; lastKnownFileType = wrapper.framework; name = UIKit.framework; path = System/Library/Frameworks/UIKit.framework; sourceTree = SDKROOT; };
		A4A564E515F6F84800C04746 /* Foundation.framework */ = {isa = PBXFileReference; lastKnownFileType = wrapper.framework; name = Foundation.framework; path = System/Library/Frameworks/Foundation.framework; sourceTree = SDKROOT; };
		A4A564E715F6F84800C04746 /* CoreGraphics.framework */ = {isa = PBXFileReference; lastKnownFileType = wrapper.framework; name = CoreGraphics.framework; path = System/Library/Frameworks/CoreGraphics.framework; sourceTree = SDKROOT; };
		A4A564EB15F6F84800C04746 /* Week 2-Info.plist */ = {isa = PBXFileReference; lastKnownFileType = text.plist.xml; path = "Week 2-Info.plist"; sourceTree = "<group>"; };
		A4A564ED15F6F84800C04746 /* en */ = {isa = PBXFileReference; lastKnownFileType = text.plist.strings; name = en; path = en.lproj/InfoPlist.strings; sourceTree = "<group>"; };
		A4A564EF15F6F84800C04746 /* main.m */ = {isa = PBXFileReference; lastKnownFileType = sourcecode.c.objc; path = main.m; sourceTree = "<group>"; };
		A4A564F115F6F84800C04746 /* Week 2-Prefix.pch */ = {isa = PBXFileReference; lastKnownFileType = sourcecode.c.h; path = "Week 2-Prefix.pch"; sourceTree = "<group>"; };
		A4A564F215F6F84800C04746 /* AppDelegate.h */ = {isa = PBXFileReference; lastKnownFileType = sourcecode.c.h; path = AppDelegate.h; sourceTree = "<group>"; };
		A4A564F315F6F84800C04746 /* AppDelegate.m */ = {isa = PBXFileReference; lastKnownFileType = sourcecode.c.objc; path = AppDelegate.m; sourceTree = "<group>"; };
		A4A564F515F6F84800C04746 /* FirstViewController.h */ = {isa = PBXFileReference; lastKnownFileType = sourcecode.c.h; path = FirstViewController.h; sourceTree = "<group>"; };
		A4A564F615F6F84800C04746 /* FirstViewController.m */ = {isa = PBXFileReference; lastKnownFileType = sourcecode.c.objc; path = FirstViewController.m; sourceTree = "<group>"; };
		A4A564F815F6F84800C04746 /* first.png */ = {isa = PBXFileReference; lastKnownFileType = image.png; path = first.png; sourceTree = "<group>"; };
		A4A564FA15F6F84800C04746 /* first@2x.png */ = {isa = PBXFileReference; lastKnownFileType = image.png; path = "first@2x.png"; sourceTree = "<group>"; };
		A4A564FC15F6F84800C04746 /* SecondViewController.h */ = {isa = PBXFileReference; lastKnownFileType = sourcecode.c.h; path = SecondViewController.h; sourceTree = "<group>"; };
		A4A564FD15F6F84800C04746 /* SecondViewController.m */ = {isa = PBXFileReference; lastKnownFileType = sourcecode.c.objc; path = SecondViewController.m; sourceTree = "<group>"; };
		A4A564FF15F6F84800C04746 /* second.png */ = {isa = PBXFileReference; lastKnownFileType = image.png; path = second.png; sourceTree = "<group>"; };
		A4A5650115F6F84800C04746 /* second@2x.png */ = {isa = PBXFileReference; lastKnownFileType = image.png; path = "second@2x.png"; sourceTree = "<group>"; };
		A4A5650415F6F84800C04746 /* en */ = {isa = PBXFileReference; lastKnownFileType = file.xib; name = en; path = en.lproj/FirstViewController.xib; sourceTree = "<group>"; };
		A4A5650715F6F84800C04746 /* en */ = {isa = PBXFileReference; lastKnownFileType = file.xib; name = en; path = en.lproj/SecondViewController.xib; sourceTree = "<group>"; };
/* End PBXFileReference section */

/* Begin PBXFrameworksBuildPhase section */
		A4A564DC15F6F84800C04746 /* Frameworks */ = {
			isa = PBXFrameworksBuildPhase;
			buildActionMask = 2147483647;
			files = (
				A4A564E415F6F84800C04746 /* UIKit.framework in Frameworks */,
				A4A564E615F6F84800C04746 /* Foundation.framework in Frameworks */,
				A4A564E815F6F84800C04746 /* CoreGraphics.framework in Frameworks */,
			);
			runOnlyForDeploymentPostprocessing = 0;
		};
/* End PBXFrameworksBuildPhase section */

/* Begin PBXGroup section */
		A4A564D415F6F84800C04746 = {
			isa = PBXGroup;
			children = (
				A4A564E915F6F84800C04746 /* Week 2 */,
				A4A564E215F6F84800C04746 /* Frameworks */,
				A4A564E015F6F84800C04746 /* Products */,
			);
			sourceTree = "<group>";
		};
		A4A564E015F6F84800C04746 /* Products */ = {
			isa = PBXGroup;
			children = (
				A4A564DF15F6F84800C04746 /* Week 2.app */,
			);
			name = Products;
			sourceTree = "<group>";
		};
		A4A564E215F6F84800C04746 /* Frameworks */ = {
			isa = PBXGroup;
			children = (
				A4A564E315F6F84800C04746 /* UIKit.framework */,
				A4A564E515F6F84800C04746 /* Foundation.framework */,
				A4A564E715F6F84800C04746 /* CoreGraphics.framework */,
			);
			name = Frameworks;
			sourceTree = "<group>";
		};
		A4A564E915F6F84800C04746 /* Week 2 */ = {
			isa = PBXGroup;
			children = (
				A4A564F215F6F84800C04746 /* AppDelegate.h */,
				A4A564F315F6F84800C04746 /* AppDelegate.m */,
				A4A564F515F6F84800C04746 /* FirstViewController.h */,
				A4A564F615F6F84800C04746 /* FirstViewController.m */,
				A4A564F815F6F84800C04746 /* first.png */,
				A4A564FA15F6F84800C04746 /* first@2x.png */,
				A4A564FC15F6F84800C04746 /* SecondViewController.h */,
				A4A564FD15F6F84800C04746 /* SecondViewController.m */,
				A4A564FF15F6F84800C04746 /* second.png */,
				A4A5650115F6F84800C04746 /* second@2x.png */,
				A4A5650315F6F84800C04746 /* FirstViewController.xib */,
				A4A5650615F6F84800C04746 /* SecondViewController.xib */,
				A4A564EA15F6F84800C04746 /* Supporting Files */,
			);
			path = "Week 2";
			sourceTree = "<group>";
		};
		A4A564EA15F6F84800C04746 /* Supporting Files */ = {
			isa = PBXGroup;
			children = (
				A4A564EB15F6F84800C04746 /* Week 2-Info.plist */,
				A4A564EC15F6F84800C04746 /* InfoPlist.strings */,
				A4A564EF15F6F84800C04746 /* main.m */,
				A4A564F115F6F84800C04746 /* Week 2-Prefix.pch */,
			);
			name = "Supporting Files";
			sourceTree = "<group>";
		};
/* End PBXGroup section */

/* Begin PBXNativeTarget section */
		A4A564DE15F6F84800C04746 /* Week 2 */ = {
			isa = PBXNativeTarget;
			buildConfigurationList = A4A5650B15F6F84800C04746 /* Build configuration list for PBXNativeTarget "Week 2" */;
			buildPhases = (
				A4A564DB15F6F84800C04746 /* Sources */,
				A4A564DC15F6F84800C04746 /* Frameworks */,
				A4A564DD15F6F84800C04746 /* Resources */,
			);
			buildRules = (
			);
			dependencies = (
			);
			name = "Week 2";
			productName = "Week 2";
			productReference = A4A564DF15F6F84800C04746 /* Week 2.app */;
			productType = "com.apple.product-type.application";
		};
/* End PBXNativeTarget section */

/* Begin PBXProject section */
		A4A564D615F6F84800C04746 /* Project object */ = {
			isa = PBXProject;
			attributes = {
				LastUpgradeCheck = 0440;
				ORGANIZATIONNAME = "Nicholas Weil";
			};
			buildConfigurationList = A4A564D915F6F84800C04746 /* Build configuration list for PBXProject "Week 2" */;
			compatibilityVersion = "Xcode 3.2";
			developmentRegion = English;
			hasScannedForEncodings = 0;
			knownRegions = (
				en,
			);
			mainGroup = A4A564D415F6F84800C04746;
			productRefGroup = A4A564E015F6F84800C04746 /* Products */;
			projectDirPath = "";
			projectRoot = "";
			targets = (
				A4A564DE15F6F84800C04746 /* Week 2 */,
			);
		};
/* End PBXProject section */

/* Begin PBXResourcesBuildPhase section */
		A4A564DD15F6F84800C04746 /* Resources */ = {
			isa = PBXResourcesBuildPhase;
			buildActionMask = 2147483647;
			files = (
				A4A564EE15F6F84800C04746 /* InfoPlist.strings in Resources */,
				A4A564F915F6F84800C04746 /* first.png in Resources */,
				A4A564FB15F6F84800C04746 /* first@2x.png in Resources */,
				A4A5650015F6F84800C04746 /* second.png in Resources */,
				A4A5650215F6F84800C04746 /* second@2x.png in Resources */,
				A4A5650515F6F84800C04746 /* FirstViewController.xib in Resources */,
				A4A5650815F6F84800C04746 /* SecondViewController.xib in Resources */,
			);
			runOnlyForDeploymentPostprocessing = 0;
		};
/* End PBXResourcesBuildPhase section */

/* Begin PBXSourcesBuildPhase section */
		A4A564DB15F6F84800C04746 /* Sources */ = {
			isa = PBXSourcesBuildPhase;
			buildActionMask = 2147483647;
			files = (
				A4A564F015F6F84800C04746 /* main.m in Sources */,
				A4A564F415F6F84800C04746 /* AppDelegate.m in Sources */,
				A4A564F715F6F84800C04746 /* FirstViewController.m in Sources */,
				A4A564FE15F6F84800C04746 /* SecondViewController.m in Sources */,
			);
			runOnlyForDeploymentPostprocessing = 0;
		};
/* End PBXSourcesBuildPhase section */

/* Begin PBXVariantGroup section */
		A4A564EC15F6F84800C04746 /* InfoPlist.strings */ = {
			isa = PBXVariantGroup;
			children = (
				A4A564ED15F6F84800C04746 /* en */,
			);
			name = InfoPlist.strings;
			sourceTree = "<group>";
		};
		A4A5650315F6F84800C04746 /* FirstViewController.xib */ = {
			isa = PBXVariantGroup;
			children = (
				A4A5650415F6F84800C04746 /* en */,
			);
			name = FirstViewController.xib;
			sourceTree = "<group>";
		};
		A4A5650615F6F84800C04746 /* SecondViewController.xib */ = {
			isa = PBXVariantGroup;
			children = (
				A4A5650715F6F84800C04746 /* en */,
			);
			name = SecondViewController.xib;
			sourceTree = "<group>";
		};
/* End PBXVariantGroup section */

/* Begin XCBuildConfiguration section */
		A4A5650915F6F84800C04746 /* Debug */ = {
			isa = XCBuildConfiguration;
			buildSettings = {
				ALWAYS_SEARCH_USER_PATHS = NO;
				ARCHS = "$(ARCHS_STANDARD_32_BIT)";
				CLANG_CXX_LANGUAGE_STANDARD = "gnu++0x";
				CLANG_ENABLE_OBJC_ARC = YES;
				CLANG_WARN__DUPLICATE_METHOD_MATCH = YES;
				"CODE_SIGN_IDENTITY[sdk=iphoneos*]" = "iPhone Developer";
				COPY_PHASE_STRIP = NO;
				GCC_C_LANGUAGE_STANDARD = gnu99;
				GCC_DYNAMIC_NO_PIC = NO;
				GCC_OPTIMIZATION_LEVEL = 0;
				GCC_PREPROCESSOR_DEFINITIONS = (
					"DEBUG=1",
					"$(inherited)",
				);
				GCC_SYMBOLS_PRIVATE_EXTERN = NO;
				GCC_VERSION = com.apple.compilers.llvm.clang.1_0;
				GCC_WARN_ABOUT_RETURN_TYPE = YES;
				GCC_WARN_UNINITIALIZED_AUTOS = YES;
				GCC_WARN_UNUSED_VARIABLE = YES;
				IPHONEOS_DEPLOYMENT_TARGET = 5.1;
				SDKROOT = iphoneos;
			};
			name = Debug;
		};
		A4A5650A15F6F84800C04746 /* Release */ = {
			isa = XCBuildConfiguration;
			buildSettings = {
				ALWAYS_SEARCH_USER_PATHS = NO;
				ARCHS = "$(ARCHS_STANDARD_32_BIT)";
				CLANG_CXX_LANGUAGE_STANDARD = "gnu++0x";
				CLANG_ENABLE_OBJC_ARC = YES;
				CLANG_WARN__DUPLICATE_METHOD_MATCH = YES;
				"CODE_SIGN_IDENTITY[sdk=iphoneos*]" = "iPhone Developer";
				COPY_PHASE_STRIP = YES;
				GCC_C_LANGUAGE_STANDARD = gnu99;
				GCC_VERSION = com.apple.compilers.llvm.clang.1_0;
				GCC_WARN_ABOUT_RETURN_TYPE = YES;
				GCC_WARN_UNINITIALIZED_AUTOS = YES;
				GCC_WARN_UNUSED_VARIABLE = YES;
				IPHONEOS_DEPLOYMENT_TARGET = 5.1;
				OTHER_CFLAGS = "-DNS_BLOCK_ASSERTIONS=1";
				SDKROOT = iphoneos;
				VALIDATE_PRODUCT = YES;
			};
			name = Release;
		};
		A4A5650C15F6F84800C04746 /* Debug */ = {
			isa = XCBuildConfiguration;
			buildSettings = {
				GCC_PRECOMPILE_PREFIX_HEADER = YES;
				GCC_PREFIX_HEADER = "Week 2/Week 2-Prefix.pch";
				INFOPLIST_FILE = "Week 2/Week 2-Info.plist";
				PRODUCT_NAME = "$(TARGET_NAME)";
				WRAPPER_EXTENSION = app;
			};
			name = Debug;
		};
		A4A5650D15F6F84800C04746 /* Release */ = {
			isa = XCBuildConfiguration;
			buildSettings = {
				GCC_PRECOMPILE_PREFIX_HEADER = YES;
				GCC_PREFIX_HEADER = "Week 2/Week 2-Prefix.pch";
				INFOPLIST_FILE = "Week 2/Week 2-Info.plist";
				PRODUCT_NAME = "$(TARGET_NAME)";
				WRAPPER_EXTENSION = app;
			};
			name = Release;
		};
/* End XCBuildConfiguration section */

/* Begin XCConfigurationList section */
		A4A564D915F6F84800C04746 /* Build configuration list for PBXProject "Week 2" */ = {
			isa = XCConfigurationList;
			buildConfigurations = (
				A4A5650915F6F84800C04746 /* Debug */,
				A4A5650A15F6F84800C04746 /* Release */,
			);
			defaultConfigurationIsVisible = 0;
			defaultConfigurationName = Release;
		};
		A4A5650B15F6F84800C04746 /* Build configuration list for PBXNativeTarget "Week 2" */ = {
			isa = XCConfigurationList;
			buildConfigurations = (
				A4A5650C15F6F84800C04746 /* Debug */,
				A4A5650D15F6F84800C04746 /* Release */,
			);
			defaultConfigurationIsVisible = 0;
		};
/* End XCConfigurationList section */
	};
	rootObject = A4A564D615F6F84800C04746 /* Project object */;
}
