// !$*UTF8*$!
{
	archiveVersion = 1;
	classes = {
	};
	objectVersion = 46;
	objects = {

/* Begin PBXBuildFile section */
		A4863B6B15F935940023D4E0 /* ThirdViewController.m in Sources */ = {isa = PBXBuildFile; fileRef = A4863B6915F935940023D4E0 /* ThirdViewController.m */; };
		A4863B6C15F935940023D4E0 /* ThirdViewController.xib in Resources */ = {isa = PBXBuildFile; fileRef = A4863B6A15F935940023D4E0 /* ThirdViewController.xib */; };
		A4863B8415F995C30023D4E0 /* Default.png in Resources */ = {isa = PBXBuildFile; fileRef = A4863B7F15F995C20023D4E0 /* Default.png */; };
		A4863B8515F995C30023D4E0 /* Default@2x.png in Resources */ = {isa = PBXBuildFile; fileRef = A4863B8015F995C30023D4E0 /* Default@2x.png */; };
		A4863B8715F995E90023D4E0 /* BoxIcon57x57.png in Resources */ = {isa = PBXBuildFile; fileRef = A4863B8615F995E90023D4E0 /* BoxIcon57x57.png */; };
		A4863B8915F995F50023D4E0 /* BoxIcon114x114.png in Resources */ = {isa = PBXBuildFile; fileRef = A4863B8815F995F50023D4E0 /* BoxIcon114x114.png */; };
		A4863B8B15F996210023D4E0 /* BoxIcon28x28.png in Resources */ = {isa = PBXBuildFile; fileRef = A4863B8A15F996210023D4E0 /* BoxIcon28x28.png */; };
		A4A564E415F6F84800C04746 /* UIKit.framework in Frameworks */ = {isa = PBXBuildFile; fileRef = A4A564E315F6F84800C04746 /* UIKit.framework */; };
		A4A564E615F6F84800C04746 /* Foundation.framework in Frameworks */ = {isa = PBXBuildFile; fileRef = A4A564E515F6F84800C04746 /* Foundation.framework */; };
		A4A564E815F6F84800C04746 /* CoreGraphics.framework in Frameworks */ = {isa = PBXBuildFile; fileRef = A4A564E715F6F84800C04746 /* CoreGraphics.framework */; };
		A4A564EE15F6F84800C04746 /* InfoPlist.strings in Resources */ = {isa = PBXBuildFile; fileRef = A4A564EC15F6F84800C04746 /* InfoPlist.strings */; };
		A4A564F015F6F84800C04746 /* main.m in Sources */ = {isa = PBXBuildFile; fileRef = A4A564EF15F6F84800C04746 /* main.m */; };
		A4A564F415F6F84800C04746 /* AppDelegate.m in Sources */ = {isa = PBXBuildFile; fileRef = A4A564F315F6F84800C04746 /* AppDelegate.m */; };
		A4A564F715F6F84800C04746 /* FirstViewController.m in Sources */ = {isa = PBXBuildFile; fileRef = A4A564F615F6F84800C04746 /* FirstViewController.m */; };
		A4A564FE15F6F84800C04746 /* SecondViewController.m in Sources */ = {isa = PBXBuildFile; fileRef = A4A564FD15F6F84800C04746 /* SecondViewController.m */; };
		A4A5650515F6F84800C04746 /* FirstViewController.xib in Resources */ = {isa = PBXBuildFile; fileRef = A4A5650315F6F84800C04746 /* FirstViewController.xib */; };
		A4A5650815F6F84800C04746 /* SecondViewController.xib in Resources */ = {isa = PBXBuildFile; fileRef = A4A5650615F6F84800C04746 /* SecondViewController.xib */; };
		A4A7487D15FA5A98003BF771 /* home_24.png in Resources */ = {isa = PBXBuildFile; fileRef = A4A7487C15FA5A98003BF771 /* home_24.png */; };
		A4A7487F15FA5AE9003BF771 /* magnifier_24.png in Resources */ = {isa = PBXBuildFile; fileRef = A4A7487E15FA5AE9003BF771 /* magnifier_24.png */; };
		A4A7488315FA76AD003BF771 /* WarehouseProtocolController.m in Sources */ = {isa = PBXBuildFile; fileRef = A4A7488115FA76AD003BF771 /* WarehouseProtocolController.m */; };
		A4A7488415FA76AD003BF771 /* WarehouseProtocolController.xib in Resources */ = {isa = PBXBuildFile; fileRef = A4A7488215FA76AD003BF771 /* WarehouseProtocolController.xib */; };
		A4A7488615FA788A003BF771 /* warehouse.jpg in Resources */ = {isa = PBXBuildFile; fileRef = A4A7488515FA788A003BF771 /* warehouse.jpg */; };
		A4A7489615FA8E0F003BF771 /* DetailedView.m in Sources */ = {isa = PBXBuildFile; fileRef = A4A7489415FA8E0E003BF771 /* DetailedView.m */; };
		A4A7489715FA8E0F003BF771 /* DetailedView.xib in Resources */ = {isa = PBXBuildFile; fileRef = A4A7489515FA8E0E003BF771 /* DetailedView.xib */; };
		A4A7489D15FAA318003BF771 /* med_24.png in Resources */ = {isa = PBXBuildFile; fileRef = A4A7489C15FAA318003BF771 /* med_24.png */; };
		A4A7489F15FAA942003BF771 /* MDF1_Week2_Flow.png in Resources */ = {isa = PBXBuildFile; fileRef = A4A7489E15FAA942003BF771 /* MDF1_Week2_Flow.png */; };
/* End PBXBuildFile section */

/* Begin PBXFileReference section */
		A4863B6815F935940023D4E0 /* ThirdViewController.h */ = {isa = PBXFileReference; fileEncoding = 4; lastKnownFileType = sourcecode.c.h; path = ThirdViewController.h; sourceTree = "<group>"; };
		A4863B6915F935940023D4E0 /* ThirdViewController.m */ = {isa = PBXFileReference; fileEncoding = 4; lastKnownFileType = sourcecode.c.objc; path = ThirdViewController.m; sourceTree = "<group>"; };
		A4863B6A15F935940023D4E0 /* ThirdViewController.xib */ = {isa = PBXFileReference; fileEncoding = 4; lastKnownFileType = file.xib; path = ThirdViewController.xib; sourceTree = "<group>"; };
		A4863B7F15F995C20023D4E0 /* Default.png */ = {isa = PBXFileReference; lastKnownFileType = image.png; path = Default.png; sourceTree = "<group>"; };
		A4863B8015F995C30023D4E0 /* Default@2x.png */ = {isa = PBXFileReference; lastKnownFileType = image.png; path = "Default@2x.png"; sourceTree = "<group>"; };
		A4863B8615F995E90023D4E0 /* BoxIcon57x57.png */ = {isa = PBXFileReference; lastKnownFileType = image.png; path = BoxIcon57x57.png; sourceTree = "<group>"; };
		A4863B8815F995F50023D4E0 /* BoxIcon114x114.png */ = {isa = PBXFileReference; lastKnownFileType = image.png; path = BoxIcon114x114.png; sourceTree = "<group>"; };
		A4863B8A15F996210023D4E0 /* BoxIcon28x28.png */ = {isa = PBXFileReference; lastKnownFileType = image.png; path = BoxIcon28x28.png; sourceTree = "<group>"; };
		A4A564DF15F6F84800C04746 /* Week 2.app */ = {isa = PBXFileReference; explicitFileType = wrapper.application; includeInIndex = 0; path = "Week 2.app"; sourceTree = BUILT_PRODUCTS_DIR; };
		A4A564E315F6F84800C04746 /* UIKit.framework */ = {isa = PBXFileReference; lastKnownFileType = wrapper.framework; name = UIKit.framework; path = System/Library/Frameworks/UIKit.framework; sourceTree = SDKROOT; };
		A4A564E515F6F84800C04746 /* Foundation.framework */ = {isa = PBXFileReference; lastKnownFileType = wrapper.framework; name = Foundation.framework; path = System/Library/Frameworks/Foundation.framework; sourceTree = SDKROOT; };
		A4A564E715F6F84800C04746 /* CoreGraphics.framework */ = {isa = PBXFileReference; lastKnownFileType = wrapper.framework; name = CoreGraphics.framework; path = System/Library/Frameworks/CoreGraphics.framework; sourceTree = SDKROOT; };
		A4A564EB15F6F84800C04746 /* Week 2-Info.plist */ = {isa = PBXFileReference; lastKnownFileType = text.plist.xml; path = "Week 2-Info.plist"; sourceTree = "<group>"; };
		A4A564ED15F6F84800C04746 /* en */ = {isa = PBXFileReference; lastKnownFileType = text.plist.strings; name = en; path = en.lproj/InfoPlist.strings; sourceTree = "<group>"; };
		A4A564EF15F6F84800C04746 /* main.m */ = {isa = PBXFileReference; lastKnownFileType = sourcecode.c.objc; path = main.m; sourceTree = "<group>"; };
		A4A564F115F6F84800C04746 /* Week 2-Prefix.pch */ = {isa = PBXFileReference; lastKnownFileType = sourcecode.c.h; path = "Week 2-Prefix.pch"; sourceTree = "<group>"; };
		A4A564F215F6F84800C04746 /* AppDelegate.h */ = {isa = PBXFileReference; lastKnownFileType = sourcecode.c.h; path = AppDelegate.h; sourceTree = "<group>"; };
		A4A564F315F6F84800C04746 /* AppDelegate.m */ = {isa = PBXFileReference; lastKnownFileType = sourcecode.c.objc; path = AppDelegate.m; sourceTree = "<group>"; };
		A4A564F515F6F84800C04746 /* FirstViewController.h */ = {isa = PBXFileReference; lastKnownFileType = sourcecode.c.h; path = FirstViewController.h; sourceTree = "<group>"; };
		A4A564F615F6F84800C04746 /* FirstViewController.m */ = {isa = PBXFileReference; lastKnownFileType = sourcecode.c.objc; path = FirstViewController.m; sourceTree = "<group>"; };
		A4A564FC15F6F84800C04746 /* SecondViewController.h */ = {isa = PBXFileReference; lastKnownFileType = sourcecode.c.h; path = SecondViewController.h; sourceTree = "<group>"; };
		A4A564FD15F6F84800C04746 /* SecondViewController.m */ = {isa = PBXFileReference; lastKnownFileType = sourcecode.c.objc; path = SecondViewController.m; sourceTree = "<group>"; };
		A4A5650415F6F84800C04746 /* en */ = {isa = PBXFileReference; lastKnownFileType = file.xib; name = en; path = en.lproj/FirstViewController.xib; sourceTree = "<group>"; };
		A4A5650715F6F84800C04746 /* en */ = {isa = PBXFileReference; lastKnownFileType = file.xib; name = en; path = en.lproj/SecondViewController.xib; sourceTree = "<group>"; };
		A4A7487C15FA5A98003BF771 /* home_24.png */ = {isa = PBXFileReference; lastKnownFileType = image.png; path = home_24.png; sourceTree = "<group>"; };
		A4A7487E15FA5AE9003BF771 /* magnifier_24.png */ = {isa = PBXFileReference; lastKnownFileType = image.png; path = magnifier_24.png; sourceTree = "<group>"; };
		A4A7488015FA76AD003BF771 /* WarehouseProtocolController.h */ = {isa = PBXFileReference; fileEncoding = 4; lastKnownFileType = sourcecode.c.h; path = WarehouseProtocolController.h; sourceTree = "<group>"; };
		A4A7488115FA76AD003BF771 /* WarehouseProtocolController.m */ = {isa = PBXFileReference; fileEncoding = 4; lastKnownFileType = sourcecode.c.objc; path = WarehouseProtocolController.m; sourceTree = "<group>"; };
		A4A7488215FA76AD003BF771 /* WarehouseProtocolController.xib */ = {isa = PBXFileReference; fileEncoding = 4; lastKnownFileType = file.xib; path = WarehouseProtocolController.xib; sourceTree = "<group>"; };
		A4A7488515FA788A003BF771 /* warehouse.jpg */ = {isa = PBXFileReference; lastKnownFileType = image.jpeg; path = warehouse.jpg; sourceTree = "<group>"; };
		A4A7489315FA8E0E003BF771 /* DetailedView.h */ = {isa = PBXFileReference; fileEncoding = 4; lastKnownFileType = sourcecode.c.h; path = DetailedView.h; sourceTree = "<group>"; };
		A4A7489415FA8E0E003BF771 /* DetailedView.m */ = {isa = PBXFileReference; fileEncoding = 4; lastKnownFileType = sourcecode.c.objc; path = DetailedView.m; sourceTree = "<group>"; };
		A4A7489515FA8E0E003BF771 /* DetailedView.xib */ = {isa = PBXFileReference; fileEncoding = 4; lastKnownFileType = file.xib; path = DetailedView.xib; sourceTree = "<group>"; };
		A4A7489C15FAA318003BF771 /* med_24.png */ = {isa = PBXFileReference; lastKnownFileType = image.png; path = med_24.png; sourceTree = "<group>"; };
		A4A7489E15FAA942003BF771 /* MDF1_Week2_Flow.png */ = {isa = PBXFileReference; lastKnownFileType = image.png; name = MDF1_Week2_Flow.png; path = "Week 2/MDF1_Week2_Flow.png"; sourceTree = "<group>"; };
/* End PBXFileReference section */

/* Begin PBXFrameworksBuildPhase section */
		A4A564DC15F6F84800C04746 /* Frameworks */ = {
			isa = PBXFrameworksBuildPhase;
			buildActionMask = 2147483647;
			files = (
				A4A564E415F6F84800C04746 /* UIKit.framework in Frameworks */,
				A4A564E615F6F84800C04746 /* Foundation.framework in Frameworks */,
				A4A564E815F6F84800C04746 /* CoreGraphics.framework in Frameworks */,
			);
			runOnlyForDeploymentPostprocessing = 0;
		};
/* End PBXFrameworksBuildPhase section */

/* Begin PBXGroup section */
		A4A564D415F6F84800C04746 = {
			isa = PBXGroup;
			children = (
				A4863B8815F995F50023D4E0 /* BoxIcon114x114.png */,
				A4863B8A15F996210023D4E0 /* BoxIcon28x28.png */,
				A4863B8615F995E90023D4E0 /* BoxIcon57x57.png */,
				A4A7489E15FAA942003BF771 /* MDF1_Week2_Flow.png */,
				A4A564E915F6F84800C04746 /* Week 2 */,
				A4A564E215F6F84800C04746 /* Frameworks */,
				A4A564E015F6F84800C04746 /* Products */,
			);
			sourceTree = "<group>";
		};
		A4A564E015F6F84800C04746 /* Products */ = {
			isa = PBXGroup;
			children = (
				A4A564DF15F6F84800C04746 /* Week 2.app */,
			);
			name = Products;
			sourceTree = "<group>";
		};
		A4A564E215F6F84800C04746 /* Frameworks */ = {
			isa = PBXGroup;
			children = (
				A4A564E315F6F84800C04746 /* UIKit.framework */,
				A4A564E515F6F84800C04746 /* Foundation.framework */,
				A4A564E715F6F84800C04746 /* CoreGraphics.framework */,
			);
			name = Frameworks;
			sourceTree = "<group>";
		};
		A4A564E915F6F84800C04746 /* Week 2 */ = {
			isa = PBXGroup;
			children = (
				A4A7489C15FAA318003BF771 /* med_24.png */,
				A4A7489315FA8E0E003BF771 /* DetailedView.h */,
				A4A7489415FA8E0E003BF771 /* DetailedView.m */,
				A4A7489515FA8E0E003BF771 /* DetailedView.xib */,
				A4A7488515FA788A003BF771 /* warehouse.jpg */,
				A4A7487E15FA5AE9003BF771 /* magnifier_24.png */,
				A4A7487C15FA5A98003BF771 /* home_24.png */,
				A4863B7F15F995C20023D4E0 /* Default.png */,
				A4863B8015F995C30023D4E0 /* Default@2x.png */,
				A4A564F215F6F84800C04746 /* AppDelegate.h */,
				A4A564F315F6F84800C04746 /* AppDelegate.m */,
				A4A564F515F6F84800C04746 /* FirstViewController.h */,
				A4A564F615F6F84800C04746 /* FirstViewController.m */,
				A4A5650315F6F84800C04746 /* FirstViewController.xib */,
				A4A564FC15F6F84800C04746 /* SecondViewController.h */,
				A4A564FD15F6F84800C04746 /* SecondViewController.m */,
				A4A5650615F6F84800C04746 /* SecondViewController.xib */,
				A4863B6815F935940023D4E0 /* ThirdViewController.h */,
				A4863B6915F935940023D4E0 /* ThirdViewController.m */,
				A4863B6A15F935940023D4E0 /* ThirdViewController.xib */,
				A4A564EA15F6F84800C04746 /* Supporting Files */,
				A4A7488015FA76AD003BF771 /* WarehouseProtocolController.h */,
				A4A7488115FA76AD003BF771 /* WarehouseProtocolController.m */,
				A4A7488215FA76AD003BF771 /* WarehouseProtocolController.xib */,
			);
			path = "Week 2";
			sourceTree = "<group>";
		};
		A4A564EA15F6F84800C04746 /* Supporting Files */ = {
			isa = PBXGroup;
			children = (
				A4A564EB15F6F84800C04746 /* Week 2-Info.plist */,
				A4A564EC15F6F84800C04746 /* InfoPlist.strings */,
				A4A564EF15F6F84800C04746 /* main.m */,
				A4A564F115F6F84800C04746 /* Week 2-Prefix.pch */,
			);
			name = "Supporting Files";
			sourceTree = "<group>";
		};
/* End PBXGroup section */

/* Begin PBXNativeTarget section */
		A4A564DE15F6F84800C04746 /* Week 2 */ = {
			isa = PBXNativeTarget;
			buildConfigurationList = A4A5650B15F6F84800C04746 /* Build configuration list for PBXNativeTarget "Week 2" */;
			buildPhases = (
				A4A564DB15F6F84800C04746 /* Sources */,
				A4A564DC15F6F84800C04746 /* Frameworks */,
				A4A564DD15F6F84800C04746 /* Resources */,
			);
			buildRules = (
			);
			dependencies = (
			);
			name = "Week 2";
			productName = "Week 2";
			productReference = A4A564DF15F6F84800C04746 /* Week 2.app */;
			productType = "com.apple.product-type.application";
		};
/* End PBXNativeTarget section */

/* Begin PBXProject section */
		A4A564D615F6F84800C04746 /* Project object */ = {
			isa = PBXProject;
			attributes = {
				LastUpgradeCheck = 0440;
				ORGANIZATIONNAME = "Nicholas Weil";
			};
			buildConfigurationList = A4A564D915F6F84800C04746 /* Build configuration list for PBXProject "Week 2" */;
			compatibilityVersion = "Xcode 3.2";
			developmentRegion = English;
			hasScannedForEncodings = 0;
			knownRegions = (
				en,
			);
			mainGroup = A4A564D415F6F84800C04746;
			productRefGroup = A4A564E015F6F84800C04746 /* Products */;
			projectDirPath = "";
			projectRoot = "";
			targets = (
				A4A564DE15F6F84800C04746 /* Week 2 */,
			);
		};
/* End PBXProject section */

/* Begin PBXResourcesBuildPhase section */
		A4A564DD15F6F84800C04746 /* Resources */ = {
			isa = PBXResourcesBuildPhase;
			buildActionMask = 2147483647;
			files = (
				A4A564EE15F6F84800C04746 /* InfoPlist.strings in Resources */,
				A4A5650515F6F84800C04746 /* FirstViewController.xib in Resources */,
				A4A5650815F6F84800C04746 /* SecondViewController.xib in Resources */,
				A4863B6C15F935940023D4E0 /* ThirdViewController.xib in Resources */,
				A4863B8415F995C30023D4E0 /* Default.png in Resources */,
				A4863B8515F995C30023D4E0 /* Default@2x.png in Resources */,
				A4863B8715F995E90023D4E0 /* BoxIcon57x57.png in Resources */,
				A4863B8915F995F50023D4E0 /* BoxIcon114x114.png in Resources */,
				A4863B8B15F996210023D4E0 /* BoxIcon28x28.png in Resources */,
				A4A7487D15FA5A98003BF771 /* home_24.png in Resources */,
				A4A7487F15FA5AE9003BF771 /* magnifier_24.png in Resources */,
				A4A7488415FA76AD003BF771 /* WarehouseProtocolController.xib in Resources */,
				A4A7488615FA788A003BF771 /* warehouse.jpg in Resources */,
				A4A7489715FA8E0F003BF771 /* DetailedView.xib in Resources */,
				A4A7489D15FAA318003BF771 /* med_24.png in Resources */,
				A4A7489F15FAA942003BF771 /* MDF1_Week2_Flow.png in Resources */,
			);
			runOnlyForDeploymentPostprocessing = 0;
		};
/* End PBXResourcesBuildPhase section */

/* Begin PBXSourcesBuildPhase section */
		A4A564DB15F6F84800C04746 /* Sources */ = {
			isa = PBXSourcesBuildPhase;
			buildActionMask = 2147483647;
			files = (
				A4A564F015F6F84800C04746 /* main.m in Sources */,
				A4A564F415F6F84800C04746 /* AppDelegate.m in Sources */,
				A4A564F715F6F84800C04746 /* FirstViewController.m in Sources */,
				A4A564FE15F6F84800C04746 /* SecondViewController.m in Sources */,
				A4863B6B15F935940023D4E0 /* ThirdViewController.m in Sources */,
				A4A7488315FA76AD003BF771 /* WarehouseProtocolController.m in Sources */,
				A4A7489615FA8E0F003BF771 /* DetailedView.m in Sources */,
			);
			runOnlyForDeploymentPostprocessing = 0;
		};
/* End PBXSourcesBuildPhase section */

/* Begin PBXVariantGroup section */
		A4A564EC15F6F84800C04746 /* InfoPlist.strings */ = {
			isa = PBXVariantGroup;
			children = (
				A4A564ED15F6F84800C04746 /* en */,
			);
			name = InfoPlist.strings;
			sourceTree = "<group>";
		};
		A4A5650315F6F84800C04746 /* FirstViewController.xib */ = {
			isa = PBXVariantGroup;
			children = (
				A4A5650415F6F84800C04746 /* en */,
			);
			name = FirstViewController.xib;
			sourceTree = "<group>";
		};
		A4A5650615F6F84800C04746 /* SecondViewController.xib */ = {
			isa = PBXVariantGroup;
			children = (
				A4A5650715F6F84800C04746 /* en */,
			);
			name = SecondViewController.xib;
			sourceTree = "<group>";
		};
/* End PBXVariantGroup section */

/* Begin XCBuildConfiguration section */
		A4A5650915F6F84800C04746 /* Debug */ = {
			isa = XCBuildConfiguration;
			buildSettings = {
				ALWAYS_SEARCH_USER_PATHS = NO;
				ARCHS = "$(ARCHS_STANDARD_32_BIT)";
				CLANG_CXX_LANGUAGE_STANDARD = "gnu++0x";
				CLANG_ENABLE_OBJC_ARC = YES;
				CLANG_WARN__DUPLICATE_METHOD_MATCH = YES;
				"CODE_SIGN_IDENTITY[sdk=iphoneos*]" = "iPhone Developer";
				COPY_PHASE_STRIP = NO;
				GCC_C_LANGUAGE_STANDARD = gnu99;
				GCC_DYNAMIC_NO_PIC = NO;
				GCC_OPTIMIZATION_LEVEL = 0;
				GCC_PREPROCESSOR_DEFINITIONS = (
					"DEBUG=1",
					"$(inherited)",
				);
				GCC_SYMBOLS_PRIVATE_EXTERN = NO;
				GCC_VERSION = com.apple.compilers.llvm.clang.1_0;
				GCC_WARN_ABOUT_RETURN_TYPE = YES;
				GCC_WARN_UNINITIALIZED_AUTOS = YES;
				GCC_WARN_UNUSED_VARIABLE = YES;
				IPHONEOS_DEPLOYMENT_TARGET = 5.1;
				SDKROOT = iphoneos;
			};
			name = Debug;
		};
		A4A5650A15F6F84800C04746 /* Release */ = {
			isa = XCBuildConfiguration;
			buildSettings = {
				ALWAYS_SEARCH_USER_PATHS = NO;
				ARCHS = "$(ARCHS_STANDARD_32_BIT)";
				CLANG_CXX_LANGUAGE_STANDARD = "gnu++0x";
				CLANG_ENABLE_OBJC_ARC = YES;
				CLANG_WARN__DUPLICATE_METHOD_MATCH = YES;
				"CODE_SIGN_IDENTITY[sdk=iphoneos*]" = "iPhone Developer";
				COPY_PHASE_STRIP = YES;
				GCC_C_LANGUAGE_STANDARD = gnu99;
				GCC_VERSION = com.apple.compilers.llvm.clang.1_0;
				GCC_WARN_ABOUT_RETURN_TYPE = YES;
				GCC_WARN_UNINITIALIZED_AUTOS = YES;
				GCC_WARN_UNUSED_VARIABLE = YES;
				IPHONEOS_DEPLOYMENT_TARGET = 5.1;
				OTHER_CFLAGS = "-DNS_BLOCK_ASSERTIONS=1";
				SDKROOT = iphoneos;
				VALIDATE_PRODUCT = YES;
			};
			name = Release;
		};
		A4A5650C15F6F84800C04746 /* Debug */ = {
			isa = XCBuildConfiguration;
			buildSettings = {
				GCC_PRECOMPILE_PREFIX_HEADER = YES;
				GCC_PREFIX_HEADER = "Week 2/Week 2-Prefix.pch";
				INFOPLIST_FILE = "Week 2/Week 2-Info.plist";
				PRODUCT_NAME = "$(TARGET_NAME)";
				WRAPPER_EXTENSION = app;
			};
			name = Debug;
		};
		A4A5650D15F6F84800C04746 /* Release */ = {
			isa = XCBuildConfiguration;
			buildSettings = {
				GCC_PRECOMPILE_PREFIX_HEADER = YES;
				GCC_PREFIX_HEADER = "Week 2/Week 2-Prefix.pch";
				INFOPLIST_FILE = "Week 2/Week 2-Info.plist";
				PRODUCT_NAME = "$(TARGET_NAME)";
				WRAPPER_EXTENSION = app;
			};
			name = Release;
		};
/* End XCBuildConfiguration section */

/* Begin XCConfigurationList section */
		A4A564D915F6F84800C04746 /* Build configuration list for PBXProject "Week 2" */ = {
			isa = XCConfigurationList;
			buildConfigurations = (
				A4A5650915F6F84800C04746 /* Debug */,
				A4A5650A15F6F84800C04746 /* Release */,
			);
			defaultConfigurationIsVisible = 0;
			defaultConfigurationName = Release;
		};
		A4A5650B15F6F84800C04746 /* Build configuration list for PBXNativeTarget "Week 2" */ = {
			isa = XCConfigurationList;
			buildConfigurations = (
				A4A5650C15F6F84800C04746 /* Debug */,
				A4A5650D15F6F84800C04746 /* Release */,
			);
			defaultConfigurationIsVisible = 0;
			defaultConfigurationName = Release;
		};
/* End XCConfigurationList section */
	};
	rootObject = A4A564D615F6F84800C04746 /* Project object */;
}
